// !$*UTF8*$!
{
	archiveVersion = 1;
	classes = {
	};
	objectVersion = 50;
	objects = {

/* Begin PBXBuildFile section */
		0CF480D729D6195300105B47 /* AppDelegate.swift in Sources */ = {isa = PBXBuildFile; fileRef = 0CF480D629D6195300105B47 /* AppDelegate.swift */; };
		0CF480D929D6195300105B47 /* ViewController.swift in Sources */ = {isa = PBXBuildFile; fileRef = 0CF480D829D6195300105B47 /* ViewController.swift */; };
		0CF480DC29D6195300105B47 /* Main.storyboard in Resources */ = {isa = PBXBuildFile; fileRef = 0CF480DA29D6195300105B47 /* Main.storyboard */; };
		0CF480DF29D6195300105B47 /* SwiftArtBook.xcdatamodeld in Sources */ = {isa = PBXBuildFile; fileRef = 0CF480DD29D6195300105B47 /* SwiftArtBook.xcdatamodeld */; };
		0CF480E129D6195500105B47 /* Assets.xcassets in Resources */ = {isa = PBXBuildFile; fileRef = 0CF480E029D6195500105B47 /* Assets.xcassets */; };
		0CF480E429D6195500105B47 /* LaunchScreen.storyboard in Resources */ = {isa = PBXBuildFile; fileRef = 0CF480E229D6195500105B47 /* LaunchScreen.storyboard */; };
		0CF480EC29D61B7400105B47 /* DetailsVC.swift in Sources */ = {isa = PBXBuildFile; fileRef = 0CF480EB29D61B7400105B47 /* DetailsVC.swift */; };
/* End PBXBuildFile section */

/* Begin PBXFileReference section */
		0CF480D329D6195300105B47 /* SwiftArtBook.app */ = {isa = PBXFileReference; explicitFileType = wrapper.application; includeInIndex = 0; path = SwiftArtBook.app; sourceTree = BUILT_PRODUCTS_DIR; };
		0CF480D629D6195300105B47 /* AppDelegate.swift */ = {isa = PBXFileReference; lastKnownFileType = sourcecode.swift; path = AppDelegate.swift; sourceTree = "<group>"; };
		0CF480D829D6195300105B47 /* ViewController.swift */ = {isa = PBXFileReference; lastKnownFileType = sourcecode.swift; path = ViewController.swift; sourceTree = "<group>"; };
		0CF480DB29D6195300105B47 /* Base */ = {isa = PBXFileReference; lastKnownFileType = file.storyboard; name = Base; path = Base.lproj/Main.storyboard; sourceTree = "<group>"; };
		0CF480DE29D6195300105B47 /* SwiftArtBook.xcdatamodel */ = {isa = PBXFileReference; lastKnownFileType = wrapper.xcdatamodel; path = SwiftArtBook.xcdatamodel; sourceTree = "<group>"; };
		0CF480E029D6195500105B47 /* Assets.xcassets */ = {isa = PBXFileReference; lastKnownFileType = folder.assetcatalog; path = Assets.xcassets; sourceTree = "<group>"; };
		0CF480E329D6195500105B47 /* Base */ = {isa = PBXFileReference; lastKnownFileType = file.storyboard; name = Base; path = Base.lproj/LaunchScreen.storyboard; sourceTree = "<group>"; };
		0CF480E529D6195500105B47 /* Info.plist */ = {isa = PBXFileReference; lastKnownFileType = text.plist.xml; path = Info.plist; sourceTree = "<group>"; };
		0CF480EB29D61B7400105B47 /* DetailsVC.swift */ = {isa = PBXFileReference; lastKnownFileType = sourcecode.swift; path = DetailsVC.swift; sourceTree = "<group>"; };
/* End PBXFileReference section */

/* Begin PBXFrameworksBuildPhase section */
		0CF480D029D6195300105B47 /* Frameworks */ = {
			isa = PBXFrameworksBuildPhase;
			buildActionMask = 2147483647;
			files = (
			);
			runOnlyForDeploymentPostprocessing = 0;
		};
/* End PBXFrameworksBuildPhase section */

/* Begin PBXGroup section */
		0CF480CA29D6195300105B47 = {
			isa = PBXGroup;
			children = (
				0CF480D529D6195300105B47 /* SwiftArtBook */,
				0CF480D429D6195300105B47 /* Products */,
			);
			sourceTree = "<group>";
		};
		0CF480D429D6195300105B47 /* Products */ = {
			isa = PBXGroup;
			children = (
				0CF480D329D6195300105B47 /* SwiftArtBook.app */,
			);
			name = Products;
			sourceTree = "<group>";
		};
		0CF480D529D6195300105B47 /* SwiftArtBook */ = {
			isa = PBXGroup;
			children = (
				0CF480EB29D61B7400105B47 /* DetailsVC.swift */,
				0CF480D629D6195300105B47 /* AppDelegate.swift */,
				0CF480D829D6195300105B47 /* ViewController.swift */,
				0CF480DA29D6195300105B47 /* Main.storyboard */,
				0CF480E029D6195500105B47 /* Assets.xcassets */,
				0CF480E229D6195500105B47 /* LaunchScreen.storyboard */,
				0CF480E529D6195500105B47 /* Info.plist */,
				0CF480DD29D6195300105B47 /* SwiftArtBook.xcdatamodeld */,
			);
			path = SwiftArtBook;
			sourceTree = "<group>";
		};
/* End PBXGroup section */

/* Begin PBXNativeTarget section */
		0CF480D229D6195300105B47 /* SwiftArtBook */ = {
			isa = PBXNativeTarget;
			buildConfigurationList = 0CF480E829D6195500105B47 /* Build configuration list for PBXNativeTarget "SwiftArtBook" */;
			buildPhases = (
				0CF480CF29D6195300105B47 /* Sources */,
				0CF480D029D6195300105B47 /* Frameworks */,
				0CF480D129D6195300105B47 /* Resources */,
			);
			buildRules = (
			);
			dependencies = (
			);
			name = SwiftArtBook;
			productName = SwiftArtBook;
			productReference = 0CF480D329D6195300105B47 /* SwiftArtBook.app */;
			productType = "com.apple.product-type.application";
		};
/* End PBXNativeTarget section */

/* Begin PBXProject section */
		0CF480CB29D6195300105B47 /* Project object */ = {
			isa = PBXProject;
			attributes = {
				LastSwiftUpdateCheck = 1010;
				LastUpgradeCheck = 1010;
				ORGANIZATIONNAME = Buhtan;
				TargetAttributes = {
					0CF480D229D6195300105B47 = {
						CreatedOnToolsVersion = 10.1;
					};
				};
			};
			buildConfigurationList = 0CF480CE29D6195300105B47 /* Build configuration list for PBXProject "SwiftArtBook" */;
			compatibilityVersion = "Xcode 9.3";
			developmentRegion = en;
			hasScannedForEncodings = 0;
			knownRegions = (
				en,
				Base,
			);
			mainGroup = 0CF480CA29D6195300105B47;
			productRefGroup = 0CF480D429D6195300105B47 /* Products */;
			projectDirPath = "";
			projectRoot = "";
			targets = (
				0CF480D229D6195300105B47 /* SwiftArtBook */,
			);
		};
/* End PBXProject section */

/* Begin PBXResourcesBuildPhase section */
		0CF480D129D6195300105B47 /* Resources */ = {
			isa = PBXResourcesBuildPhase;
			buildActionMask = 2147483647;
			files = (
				0CF480E429D6195500105B47 /* LaunchScreen.storyboard in Resources */,
				0CF480E129D6195500105B47 /* Assets.xcassets in Resources */,
				0CF480DC29D6195300105B47 /* Main.storyboard in Resources */,
			);
			runOnlyForDeploymentPostprocessing = 0;
		};
/* End PBXResourcesBuildPhase section */

/* Begin PBXSourcesBuildPhase section */
		0CF480CF29D6195300105B47 /* Sources */ = {
			isa = PBXSourcesBuildPhase;
			buildActionMask = 2147483647;
			files = (
				0CF480D929D6195300105B47 /* ViewController.swift in Sources */,
				0CF480EC29D61B7400105B47 /* DetailsVC.swift in Sources */,
				0CF480D729D6195300105B47 /* AppDelegate.swift in Sources */,
				0CF480DF29D6195300105B47 /* SwiftArtBook.xcdatamodeld in Sources */,
			);
			runOnlyForDeploymentPostprocessing = 0;
		};
/* End PBXSourcesBuildPhase section */

/* Begin PBXVariantGroup section */
		0CF480DA29D6195300105B47 /* Main.storyboard */ = {
			isa = PBXVariantGroup;
			children = (
				0CF480DB29D6195300105B47 /* Base */,
			);
			name = Main.storyboard;
			sourceTree = "<group>";
		};
		0CF480E229D6195500105B47 /* LaunchScreen.storyboard */ = {
			isa = PBXVariantGroup;
			children = (
				0CF480E329D6195500105B47 /* Base */,
			);
			name = LaunchScreen.storyboard;
			sourceTree = "<group>";
		};
/* End PBXVariantGroup section */

/* Begin XCBuildConfiguration section */
		0CF480E629D6195500105B47 /* Debug */ = {
			isa = XCBuildConfiguration;
			buildSettings = {
				ALWAYS_SEARCH_USER_PATHS = NO;
				CLANG_ANALYZER_NONNULL = YES;
				CLANG_ANALYZER_NUMBER_OBJECT_CONVERSION = YES_AGGRESSIVE;
				CLANG_CXX_LANGUAGE_STANDARD = "gnu++14";
				CLANG_CXX_LIBRARY = "libc++";
				CLANG_ENABLE_MODULES = YES;
				CLANG_ENABLE_OBJC_ARC = YES;
				CLANG_ENABLE_OBJC_WEAK = YES;
				CLANG_WARN_BLOCK_CAPTURE_AUTORELEASING = YES;
				CLANG_WARN_BOOL_CONVERSION = YES;
				CLANG_WARN_COMMA = YES;
				CLANG_WARN_CONSTANT_CONVERSION = YES;
				CLANG_WARN_DEPRECATED_OBJC_IMPLEMENTATIONS = YES;
				CLANG_WARN_DIRECT_OBJC_ISA_USAGE = YES_ERROR;
				CLANG_WARN_DOCUMENTATION_COMMENTS = YES;
				CLANG_WARN_EMPTY_BODY = YES;
				CLANG_WARN_ENUM_CONVERSION = YES;
				CLANG_WARN_INFINITE_RECURSION = YES;
				CLANG_WARN_INT_CONVERSION = YES;
				CLANG_WARN_NON_LITERAL_NULL_CONVERSION = YES;
				CLANG_WARN_OBJC_IMPLICIT_RETAIN_SELF = YES;
				CLANG_WARN_OBJC_LITERAL_CONVERSION = YES;
				CLANG_WARN_OBJC_ROOT_CLASS = YES_ERROR;
				CLANG_WARN_RANGE_LOOP_ANALYSIS = YES;
				CLANG_WARN_STRICT_PROTOTYPES = YES;
				CLANG_WARN_SUSPICIOUS_MOVE = YES;
				CLANG_WARN_UNGUARDED_AVAILABILITY = YES_AGGRESSIVE;
				CLANG_WARN_UNREACHABLE_CODE = YES;
				CLANG_WARN__DUPLICATE_METHOD_MATCH = YES;
				CODE_SIGN_IDENTITY = "iPhone Developer";
				COPY_PHASE_STRIP = NO;
				DEBUG_INFORMATION_FORMAT = dwarf;
				ENABLE_STRICT_OBJC_MSGSEND = YES;
				ENABLE_TESTABILITY = YES;
				GCC_C_LANGUAGE_STANDARD = gnu11;
				GCC_DYNAMIC_NO_PIC = NO;
				GCC_NO_COMMON_BLOCKS = YES;
				GCC_OPTIMIZATION_LEVEL = 0;
				GCC_PREPROCESSOR_DEFINITIONS = (
					"DEBUG=1",
					"$(inherited)",
				);
				GCC_WARN_64_TO_32_BIT_CONVERSION = YES;
				GCC_WARN_ABOUT_RETURN_TYPE = YES_ERROR;
				GCC_WARN_UNDECLARED_SELECTOR = YES;
				GCC_WARN_UNINITIALIZED_AUTOS = YES_AGGRESSIVE;
				GCC_WARN_UNUSED_FUNCTION = YES;
				GCC_WARN_UNUSED_VARIABLE = YES;
				IPHONEOS_DEPLOYMENT_TARGET = 12.1;
				MTL_ENABLE_DEBUG_INFO = INCLUDE_SOURCE;
				MTL_FAST_MATH = YES;
				ONLY_ACTIVE_ARCH = YES;
				SDKROOT = iphoneos;
				SWIFT_ACTIVE_COMPILATION_CONDITIONS = DEBUG;
				SWIFT_OPTIMIZATION_LEVEL = "-Onone";
			};
			name = Debug;
		};
		0CF480E729D6195500105B47 /* Release */ = {
			isa = XCBuildConfiguration;
			buildSettings = {
				ALWAYS_SEARCH_USER_PATHS = NO;
				CLANG_ANALYZER_NONNULL = YES;
				CLANG_ANALYZER_NUMBER_OBJECT_CONVERSION = YES_AGGRESSIVE;
				CLANG_CXX_LANGUAGE_STANDARD = "gnu++14";
				CLANG_CXX_LIBRARY = "libc++";
				CLANG_ENABLE_MODULES = YES;
				CLANG_ENABLE_OBJC_ARC = YES;
				CLANG_ENABLE_OBJC_WEAK = YES;
				CLANG_WARN_BLOCK_CAPTURE_AUTORELEASING = YES;
				CLANG_WARN_BOOL_CONVERSION = YES;
				CLANG_WARN_COMMA = YES;
				CLANG_WARN_CONSTANT_CONVERSION = YES;
				CLANG_WARN_DEPRECATED_OBJC_IMPLEMENTATIONS = YES;
				CLANG_WARN_DIRECT_OBJC_ISA_USAGE = YES_ERROR;
				CLANG_WARN_DOCUMENTATION_COMMENTS = YES;
				CLANG_WARN_EMPTY_BODY = YES;
				CLANG_WARN_ENUM_CONVERSION = YES;
				CLANG_WARN_INFINITE_RECURSION = YES;
				CLANG_WARN_INT_CONVERSION = YES;
				CLANG_WARN_NON_LITERAL_NULL_CONVERSION = YES;
				CLANG_WARN_OBJC_IMPLICIT_RETAIN_SELF = YES;
				CLANG_WARN_OBJC_LITERAL_CONVERSION = YES;
				CLANG_WARN_OBJC_ROOT_CLASS = YES_ERROR;
				CLANG_WARN_RANGE_LOOP_ANALYSIS = YES;
				CLANG_WARN_STRICT_PROTOTYPES = YES;
				CLANG_WARN_SUSPICIOUS_MOVE = YES;
				CLANG_WARN_UNGUARDED_AVAILABILITY = YES_AGGRESSIVE;
				CLANG_WARN_UNREACHABLE_CODE = YES;
				CLANG_WARN__DUPLICATE_METHOD_MATCH = YES;
				CODE_SIGN_IDENTITY = "iPhone Developer";
				COPY_PHASE_STRIP = NO;
				DEBUG_INFORMATION_FORMAT = "dwarf-with-dsym";
				ENABLE_NS_ASSERTIONS = NO;
				ENABLE_STRICT_OBJC_MSGSEND = YES;
				GCC_C_LANGUAGE_STANDARD = gnu11;
				GCC_NO_COMMON_BLOCKS = YES;
				GCC_WARN_64_TO_32_BIT_CONVERSION = YES;
				GCC_WARN_ABOUT_RETURN_TYPE = YES_ERROR;
				GCC_WARN_UNDECLARED_SELECTOR = YES;
				GCC_WARN_UNINITIALIZED_AUTOS = YES_AGGRESSIVE;
				GCC_WARN_UNUSED_FUNCTION = YES;
				GCC_WARN_UNUSED_VARIABLE = YES;
				IPHONEOS_DEPLOYMENT_TARGET = 12.1;
				MTL_ENABLE_DEBUG_INFO = NO;
				MTL_FAST_MATH = YES;
				SDKROOT = iphoneos;
				SWIFT_COMPILATION_MODE = wholemodule;
				SWIFT_OPTIMIZATION_LEVEL = "-O";
				VALIDATE_PRODUCT = YES;
			};
			name = Release;
		};
		0CF480E929D6195500105B47 /* Debug */ = {
			isa = XCBuildConfiguration;
			buildSettings = {
				ASSETCATALOG_COMPILER_APPICON_NAME = AppIcon;
				CODE_SIGN_STYLE = Automatic;
				INFOPLIST_FILE = SwiftArtBook/Info.plist;
				LD_RUNPATH_SEARCH_PATHS = (
					"$(inherited)",
					"@executable_path/Frameworks",
				);
				PRODUCT_BUNDLE_IDENTIFIER = BuhtanTurhan.SwiftArtBook;
				PRODUCT_NAME = "$(TARGET_NAME)";
				SWIFT_VERSION = 4.2;
				TARGETED_DEVICE_FAMILY = "1,2";
			};
			name = Debug;
		};
		0CF480EA29D6195500105B47 /* Release */ = {
			isa = XCBuildConfiguration;
			buildSettings = {
				ASSETCATALOG_COMPILER_APPICON_NAME = AppIcon;
				CODE_SIGN_STYLE = Automatic;
				INFOPLIST_FILE = SwiftArtBook/Info.plist;
				LD_RUNPATH_SEARCH_PATHS = (
					"$(inherited)",
					"@executable_path/Frameworks",
				);
				PRODUCT_BUNDLE_IDENTIFIER = BuhtanTurhan.SwiftArtBook;
				PRODUCT_NAME = "$(TARGET_NAME)";
				SWIFT_VERSION = 4.2;
				TARGETED_DEVICE_FAMILY = "1,2";
			};
			name = Release;
		};
/* End XCBuildConfiguration section */

/* Begin XCConfigurationList section */
		0CF480CE29D6195300105B47 /* Build configuration list for PBXProject "SwiftArtBook" */ = {
			isa = XCConfigurationList;
			buildConfigurations = (
				0CF480E629D6195500105B47 /* Debug */,
				0CF480E729D6195500105B47 /* Release */,
			);
			defaultConfigurationIsVisible = 0;
			defaultConfigurationName = Release;
		};
		0CF480E829D6195500105B47 /* Build configuration list for PBXNativeTarget "SwiftArtBook" */ = {
			isa = XCConfigurationList;
			buildConfigurations = (
				0CF480E929D6195500105B47 /* Debug */,
				0CF480EA29D6195500105B47 /* Release */,
			);
			defaultConfigurationIsVisible = 0;
			defaultConfigurationName = Release;
		};
/* End XCConfigurationList section */

/* Begin XCVersionGroup section */
		0CF480DD29D6195300105B47 /* SwiftArtBook.xcdatamodeld */ = {
			isa = XCVersionGroup;
			children = (
				0CF480DE29D6195300105B47 /* SwiftArtBook.xcdatamodel */,
			);
			currentVersion = 0CF480DE29D6195300105B47 /* SwiftArtBook.xcdatamodel */;
			path = SwiftArtBook.xcdatamodeld;
			sourceTree = "<group>";
			versionGroupType = wrapper.xcdatamodel;
		};
/* End XCVersionGroup section */
	};
	rootObject = 0CF480CB29D6195300105B47 /* Project object */;
}
